// !$*UTF8*$!
{
	archiveVersion = 1;
	classes = {
	};
	objectVersion = 48;
	objects = {

/* Begin PBXBuildFile section */
		C73DDF6620F310AC00639946 /* PhotoCell.swift in Sources */ = {isa = PBXBuildFile; fileRef = C73DDF6520F310AC00639946 /* PhotoCell.swift */; };
		C775718020F114940088441F /* DroppablePin.swift in Sources */ = {isa = PBXBuildFile; fileRef = C775717F20F114940088441F /* DroppablePin.swift */; };
		C78FFEDD20DBDA6E00C81EAA /* AppDelegate.swift in Sources */ = {isa = PBXBuildFile; fileRef = C78FFEDC20DBDA6E00C81EAA /* AppDelegate.swift */; };
		C78FFEDF20DBDA6E00C81EAA /* MapVC.swift in Sources */ = {isa = PBXBuildFile; fileRef = C78FFEDE20DBDA6E00C81EAA /* MapVC.swift */; };
		C78FFEE220DBDA6E00C81EAA /* Main.storyboard in Resources */ = {isa = PBXBuildFile; fileRef = C78FFEE020DBDA6E00C81EAA /* Main.storyboard */; };
		C78FFEE420DBDA6E00C81EAA /* Assets.xcassets in Resources */ = {isa = PBXBuildFile; fileRef = C78FFEE320DBDA6E00C81EAA /* Assets.xcassets */; };
		C78FFEE720DBDA6E00C81EAA /* LaunchScreen.storyboard in Resources */ = {isa = PBXBuildFile; fileRef = C78FFEE520DBDA6E00C81EAA /* LaunchScreen.storyboard */; };
		C7A6135B20DBE04F005CF2FB /* GradientView.swift in Sources */ = {isa = PBXBuildFile; fileRef = C7A6135A20DBE04F005CF2FB /* GradientView.swift */; };
		F1ED00DD47678BD07450A084 /* Pods_PhotoBomb.framework in Frameworks */ = {isa = PBXBuildFile; fileRef = A00DE2CDB3C635E6D4E77AF1 /* Pods_PhotoBomb.framework */; };
/* End PBXBuildFile section */

/* Begin PBXFileReference section */
		2313617655DE844A6BC3E539 /* Pods-PhotoBomb.debug.xcconfig */ = {isa = PBXFileReference; includeInIndex = 1; lastKnownFileType = text.xcconfig; name = "Pods-PhotoBomb.debug.xcconfig"; path = "Pods/Target Support Files/Pods-PhotoBomb/Pods-PhotoBomb.debug.xcconfig"; sourceTree = "<group>"; };
		5DBDC0CB6335E406179B8C61 /* Pods-PhotoBomb.release.xcconfig */ = {isa = PBXFileReference; includeInIndex = 1; lastKnownFileType = text.xcconfig; name = "Pods-PhotoBomb.release.xcconfig"; path = "Pods/Target Support Files/Pods-PhotoBomb/Pods-PhotoBomb.release.xcconfig"; sourceTree = "<group>"; };
		A00DE2CDB3C635E6D4E77AF1 /* Pods_PhotoBomb.framework */ = {isa = PBXFileReference; explicitFileType = wrapper.framework; includeInIndex = 0; path = Pods_PhotoBomb.framework; sourceTree = BUILT_PRODUCTS_DIR; };
		C73DDF6520F310AC00639946 /* PhotoCell.swift */ = {isa = PBXFileReference; lastKnownFileType = sourcecode.swift; path = PhotoCell.swift; sourceTree = "<group>"; };
		C775717F20F114940088441F /* DroppablePin.swift */ = {isa = PBXFileReference; lastKnownFileType = sourcecode.swift; path = DroppablePin.swift; sourceTree = "<group>"; };
		C78FFED920DBDA6E00C81EAA /* PhotoBomb.app */ = {isa = PBXFileReference; explicitFileType = wrapper.application; includeInIndex = 0; path = PhotoBomb.app; sourceTree = BUILT_PRODUCTS_DIR; };
		C78FFEDC20DBDA6E00C81EAA /* AppDelegate.swift */ = {isa = PBXFileReference; lastKnownFileType = sourcecode.swift; path = AppDelegate.swift; sourceTree = "<group>"; };
		C78FFEDE20DBDA6E00C81EAA /* MapVC.swift */ = {isa = PBXFileReference; lastKnownFileType = sourcecode.swift; path = MapVC.swift; sourceTree = "<group>"; };
		C78FFEE120DBDA6E00C81EAA /* Base */ = {isa = PBXFileReference; lastKnownFileType = file.storyboard; name = Base; path = Base.lproj/Main.storyboard; sourceTree = "<group>"; };
		C78FFEE320DBDA6E00C81EAA /* Assets.xcassets */ = {isa = PBXFileReference; lastKnownFileType = folder.assetcatalog; path = Assets.xcassets; sourceTree = "<group>"; };
		C78FFEE620DBDA6E00C81EAA /* Base */ = {isa = PBXFileReference; lastKnownFileType = file.storyboard; name = Base; path = Base.lproj/LaunchScreen.storyboard; sourceTree = "<group>"; };
		C78FFEE820DBDA6E00C81EAA /* Info.plist */ = {isa = PBXFileReference; lastKnownFileType = text.plist.xml; path = Info.plist; sourceTree = "<group>"; };
		C7A6135A20DBE04F005CF2FB /* GradientView.swift */ = {isa = PBXFileReference; lastKnownFileType = sourcecode.swift; path = GradientView.swift; sourceTree = "<group>"; };
/* End PBXFileReference section */

/* Begin PBXFrameworksBuildPhase section */
		C78FFED620DBDA6E00C81EAA /* Frameworks */ = {
			isa = PBXFrameworksBuildPhase;
			buildActionMask = 2147483647;
			files = (
				F1ED00DD47678BD07450A084 /* Pods_PhotoBomb.framework in Frameworks */,
			);
			runOnlyForDeploymentPostprocessing = 0;
		};
/* End PBXFrameworksBuildPhase section */

/* Begin PBXGroup section */
		1113808D7CAEB421DF43F651 /* Frameworks */ = {
			isa = PBXGroup;
			children = (
				A00DE2CDB3C635E6D4E77AF1 /* Pods_PhotoBomb.framework */,
			);
			name = Frameworks;
			sourceTree = "<group>";
		};
		488E17E0E440FD5831CC69B8 /* Pods */ = {
			isa = PBXGroup;
			children = (
				2313617655DE844A6BC3E539 /* Pods-PhotoBomb.debug.xcconfig */,
				5DBDC0CB6335E406179B8C61 /* Pods-PhotoBomb.release.xcconfig */,
			);
			name = Pods;
			sourceTree = "<group>";
		};
		C78FFED020DBDA6E00C81EAA = {
			isa = PBXGroup;
			children = (
				C78FFEDB20DBDA6E00C81EAA /* PhotoBomb */,
				C78FFEDA20DBDA6E00C81EAA /* Products */,
				488E17E0E440FD5831CC69B8 /* Pods */,
				1113808D7CAEB421DF43F651 /* Frameworks */,
			);
			sourceTree = "<group>";
		};
		C78FFEDA20DBDA6E00C81EAA /* Products */ = {
			isa = PBXGroup;
			children = (
				C78FFED920DBDA6E00C81EAA /* PhotoBomb.app */,
			);
			name = Products;
			sourceTree = "<group>";
		};
		C78FFEDB20DBDA6E00C81EAA /* PhotoBomb */ = {
			isa = PBXGroup;
			children = (
				C78FFEF220DBDAC100C81EAA /* Utilities */,
				C78FFEF120DBDAB600C81EAA /* Extensions */,
				C78FFEF020DBDAA700C81EAA /* Model */,
				C78FFEEF20DBDA9E00C81EAA /* View */,
				C78FFEEE20DBDA9200C81EAA /* Controller */,
				C78FFEDC20DBDA6E00C81EAA /* AppDelegate.swift */,
				C78FFEE020DBDA6E00C81EAA /* Main.storyboard */,
				C78FFEE320DBDA6E00C81EAA /* Assets.xcassets */,
				C78FFEE520DBDA6E00C81EAA /* LaunchScreen.storyboard */,
				C78FFEE820DBDA6E00C81EAA /* Info.plist */,
			);
			path = PhotoBomb;
			sourceTree = "<group>";
		};
		C78FFEEE20DBDA9200C81EAA /* Controller */ = {
			isa = PBXGroup;
			children = (
				C78FFEDE20DBDA6E00C81EAA /* MapVC.swift */,
			);
			path = Controller;
			sourceTree = "<group>";
		};
		C78FFEEF20DBDA9E00C81EAA /* View */ = {
			isa = PBXGroup;
			children = (
				C7A6135A20DBE04F005CF2FB /* GradientView.swift */,
				C775717F20F114940088441F /* DroppablePin.swift */,
				C73DDF6520F310AC00639946 /* PhotoCell.swift */,
			);
			path = View;
			sourceTree = "<group>";
		};
		C78FFEF020DBDAA700C81EAA /* Model */ = {
			isa = PBXGroup;
			children = (
			);
			path = Model;
			sourceTree = "<group>";
		};
		C78FFEF120DBDAB600C81EAA /* Extensions */ = {
			isa = PBXGroup;
			children = (
			);
			path = Extensions;
			sourceTree = "<group>";
		};
		C78FFEF220DBDAC100C81EAA /* Utilities */ = {
			isa = PBXGroup;
			children = (
			);
			path = Utilities;
			sourceTree = "<group>";
		};
/* End PBXGroup section */

/* Begin PBXNativeTarget section */
		C78FFED820DBDA6E00C81EAA /* PhotoBomb */ = {
			isa = PBXNativeTarget;
			buildConfigurationList = C78FFEEB20DBDA6E00C81EAA /* Build configuration list for PBXNativeTarget "PhotoBomb" */;
			buildPhases = (
				370B8CE7E77F1C6ED9D47346 /* [CP] Check Pods Manifest.lock */,
				C78FFED520DBDA6E00C81EAA /* Sources */,
				C78FFED620DBDA6E00C81EAA /* Frameworks */,
				C78FFED720DBDA6E00C81EAA /* Resources */,
				F4E68D021E8F374333FFFE4A /* [CP] Embed Pods Frameworks */,
			);
			buildRules = (
			);
			dependencies = (
			);
			name = PhotoBomb;
			productName = PhotoBomb;
			productReference = C78FFED920DBDA6E00C81EAA /* PhotoBomb.app */;
			productType = "com.apple.product-type.application";
		};
/* End PBXNativeTarget section */

/* Begin PBXProject section */
		C78FFED120DBDA6E00C81EAA /* Project object */ = {
			isa = PBXProject;
			attributes = {
				LastSwiftUpdateCheck = 0900;
				LastUpgradeCheck = 0900;
				ORGANIZATIONNAME = Sehajbir;
				TargetAttributes = {
					C78FFED820DBDA6E00C81EAA = {
						CreatedOnToolsVersion = 9.0;
						ProvisioningStyle = Automatic;
					};
				};
			};
			buildConfigurationList = C78FFED420DBDA6E00C81EAA /* Build configuration list for PBXProject "PhotoBomb" */;
			compatibilityVersion = "Xcode 8.0";
			developmentRegion = en;
			hasScannedForEncodings = 0;
			knownRegions = (
				en,
				Base,
			);
			mainGroup = C78FFED020DBDA6E00C81EAA;
			productRefGroup = C78FFEDA20DBDA6E00C81EAA /* Products */;
			projectDirPath = "";
			projectRoot = "";
			targets = (
				C78FFED820DBDA6E00C81EAA /* PhotoBomb */,
			);
		};
/* End PBXProject section */

/* Begin PBXResourcesBuildPhase section */
		C78FFED720DBDA6E00C81EAA /* Resources */ = {
			isa = PBXResourcesBuildPhase;
			buildActionMask = 2147483647;
			files = (
				C78FFEE720DBDA6E00C81EAA /* LaunchScreen.storyboard in Resources */,
				C78FFEE420DBDA6E00C81EAA /* Assets.xcassets in Resources */,
				C78FFEE220DBDA6E00C81EAA /* Main.storyboard in Resources */,
			);
			runOnlyForDeploymentPostprocessing = 0;
		};
/* End PBXResourcesBuildPhase section */

/* Begin PBXShellScriptBuildPhase section */
		370B8CE7E77F1C6ED9D47346 /* [CP] Check Pods Manifest.lock */ = {
			isa = PBXShellScriptBuildPhase;
			buildActionMask = 2147483647;
			files = (
			);
			inputPaths = (
				"${PODS_PODFILE_DIR_PATH}/Podfile.lock",
				"${PODS_ROOT}/Manifest.lock",
			);
			name = "[CP] Check Pods Manifest.lock";
			outputPaths = (
				"$(DERIVED_FILE_DIR)/Pods-PhotoBomb-checkManifestLockResult.txt",
			);
			runOnlyForDeploymentPostprocessing = 0;
			shellPath = /bin/sh;
			shellScript = "diff \"${PODS_PODFILE_DIR_PATH}/Podfile.lock\" \"${PODS_ROOT}/Manifest.lock\" > /dev/null\nif [ $? != 0 ] ; then\n    # print error to STDERR\n    echo \"error: The sandbox is not in sync with the Podfile.lock. Run 'pod install' or update your CocoaPods installation.\" >&2\n    exit 1\nfi\n# This output is used by Xcode 'outputs' to avoid re-running this script phase.\necho \"SUCCESS\" > \"${SCRIPT_OUTPUT_FILE_0}\"\n";
			showEnvVarsInLog = 0;
		};
		F4E68D021E8F374333FFFE4A /* [CP] Embed Pods Frameworks */ = {
			isa = PBXShellScriptBuildPhase;
			buildActionMask = 2147483647;
			files = (
			);
			inputPaths = (
				"${SRCROOT}/Pods/Target Support Files/Pods-PhotoBomb/Pods-PhotoBomb-frameworks.sh",
				"${BUILT_PRODUCTS_DIR}/Alamofire/Alamofire.framework",
				"${BUILT_PRODUCTS_DIR}/AlamofireImage/AlamofireImage.framework",
			);
			name = "[CP] Embed Pods Frameworks";
			outputPaths = (
				"${TARGET_BUILD_DIR}/${FRAMEWORKS_FOLDER_PATH}/Alamofire.framework",
				"${TARGET_BUILD_DIR}/${FRAMEWORKS_FOLDER_PATH}/AlamofireImage.framework",
			);
			runOnlyForDeploymentPostprocessing = 0;
			shellPath = /bin/sh;
			shellScript = "\"${SRCROOT}/Pods/Target Support Files/Pods-PhotoBomb/Pods-PhotoBomb-frameworks.sh\"\n";
			showEnvVarsInLog = 0;
		};
/* End PBXShellScriptBuildPhase section */

/* Begin PBXSourcesBuildPhase section */
		C78FFED520DBDA6E00C81EAA /* Sources */ = {
			isa = PBXSourcesBuildPhase;
			buildActionMask = 2147483647;
			files = (
				C78FFEDF20DBDA6E00C81EAA /* MapVC.swift in Sources */,
				C73DDF6620F310AC00639946 /* PhotoCell.swift in Sources */,
				C775718020F114940088441F /* DroppablePin.swift in Sources */,
				C78FFEDD20DBDA6E00C81EAA /* AppDelegate.swift in Sources */,
				C7A6135B20DBE04F005CF2FB /* GradientView.swift in Sources */,
			);
			runOnlyForDeploymentPostprocessing = 0;
		};
/* End PBXSourcesBuildPhase section */

/* Begin PBXVariantGroup section */
		C78FFEE020DBDA6E00C81EAA /* Main.storyboard */ = {
			isa = PBXVariantGroup;
			children = (
				C78FFEE120DBDA6E00C81EAA /* Base */,
			);
			name = Main.storyboard;
			sourceTree = "<group>";
		};
		C78FFEE520DBDA6E00C81EAA /* LaunchScreen.storyboard */ = {
			isa = PBXVariantGroup;
			children = (
				C78FFEE620DBDA6E00C81EAA /* Base */,
			);
			name = LaunchScreen.storyboard;
			sourceTree = "<group>";
		};
/* End PBXVariantGroup section */

/* Begin XCBuildConfiguration section */
		C78FFEE920DBDA6E00C81EAA /* Debug */ = {
			isa = XCBuildConfiguration;
			buildSettings = {
				ALWAYS_SEARCH_USER_PATHS = NO;
				CLANG_ANALYZER_NONNULL = YES;
				CLANG_ANALYZER_NUMBER_OBJECT_CONVERSION = YES_AGGRESSIVE;
				CLANG_CXX_LANGUAGE_STANDARD = "gnu++14";
				CLANG_CXX_LIBRARY = "libc++";
				CLANG_ENABLE_MODULES = YES;
				CLANG_ENABLE_OBJC_ARC = YES;
				CLANG_WARN_BLOCK_CAPTURE_AUTORELEASING = YES;
				CLANG_WARN_BOOL_CONVERSION = YES;
				CLANG_WARN_COMMA = YES;
				CLANG_WARN_CONSTANT_CONVERSION = YES;
				CLANG_WARN_DIRECT_OBJC_ISA_USAGE = YES_ERROR;
				CLANG_WARN_DOCUMENTATION_COMMENTS = YES;
				CLANG_WARN_EMPTY_BODY = YES;
				CLANG_WARN_ENUM_CONVERSION = YES;
				CLANG_WARN_INFINITE_RECURSION = YES;
				CLANG_WARN_INT_CONVERSION = YES;
				CLANG_WARN_NON_LITERAL_NULL_CONVERSION = YES;
				CLANG_WARN_OBJC_LITERAL_CONVERSION = YES;
				CLANG_WARN_OBJC_ROOT_CLASS = YES_ERROR;
				CLANG_WARN_RANGE_LOOP_ANALYSIS = YES;
				CLANG_WARN_STRICT_PROTOTYPES = YES;
				CLANG_WARN_SUSPICIOUS_MOVE = YES;
				CLANG_WARN_UNGUARDED_AVAILABILITY = YES_AGGRESSIVE;
				CLANG_WARN_UNREACHABLE_CODE = YES;
				CLANG_WARN__DUPLICATE_METHOD_MATCH = YES;
				CODE_SIGN_IDENTITY = "iPhone Developer";
				COPY_PHASE_STRIP = NO;
				DEBUG_INFORMATION_FORMAT = dwarf;
				ENABLE_STRICT_OBJC_MSGSEND = YES;
				ENABLE_TESTABILITY = YES;
				GCC_C_LANGUAGE_STANDARD = gnu11;
				GCC_DYNAMIC_NO_PIC = NO;
				GCC_NO_COMMON_BLOCKS = YES;
				GCC_OPTIMIZATION_LEVEL = 0;
				GCC_PREPROCESSOR_DEFINITIONS = (
					"DEBUG=1",
					"$(inherited)",
				);
				GCC_WARN_64_TO_32_BIT_CONVERSION = YES;
				GCC_WARN_ABOUT_RETURN_TYPE = YES_ERROR;
				GCC_WARN_UNDECLARED_SELECTOR = YES;
				GCC_WARN_UNINITIALIZED_AUTOS = YES_AGGRESSIVE;
				GCC_WARN_UNUSED_FUNCTION = YES;
				GCC_WARN_UNUSED_VARIABLE = YES;
				IPHONEOS_DEPLOYMENT_TARGET = 11.0;
				MTL_ENABLE_DEBUG_INFO = YES;
				ONLY_ACTIVE_ARCH = YES;
				SDKROOT = iphoneos;
				SWIFT_ACTIVE_COMPILATION_CONDITIONS = DEBUG;
				SWIFT_OPTIMIZATION_LEVEL = "-Onone";
			};
			name = Debug;
		};
		C78FFEEA20DBDA6E00C81EAA /* Release */ = {
			isa = XCBuildConfiguration;
			buildSettings = {
				ALWAYS_SEARCH_USER_PATHS = NO;
				CLANG_ANALYZER_NONNULL = YES;
				CLANG_ANALYZER_NUMBER_OBJECT_CONVERSION = YES_AGGRESSIVE;
				CLANG_CXX_LANGUAGE_STANDARD = "gnu++14";
				CLANG_CXX_LIBRARY = "libc++";
				CLANG_ENABLE_MODULES = YES;
				CLANG_ENABLE_OBJC_ARC = YES;
				CLANG_WARN_BLOCK_CAPTURE_AUTORELEASING = YES;
				CLANG_WARN_BOOL_CONVERSION = YES;
				CLANG_WARN_COMMA = YES;
				CLANG_WARN_CONSTANT_CONVERSION = YES;
				CLANG_WARN_DIRECT_OBJC_ISA_USAGE = YES_ERROR;
				CLANG_WARN_DOCUMENTATION_COMMENTS = YES;
				CLANG_WARN_EMPTY_BODY = YES;
				CLANG_WARN_ENUM_CONVERSION = YES;
				CLANG_WARN_INFINITE_RECURSION = YES;
				CLANG_WARN_INT_CONVERSION = YES;
				CLANG_WARN_NON_LITERAL_NULL_CONVERSION = YES;
				CLANG_WARN_OBJC_LITERAL_CONVERSION = YES;
				CLANG_WARN_OBJC_ROOT_CLASS = YES_ERROR;
				CLANG_WARN_RANGE_LOOP_ANALYSIS = YES;
				CLANG_WARN_STRICT_PROTOTYPES = YES;
				CLANG_WARN_SUSPICIOUS_MOVE = YES;
				CLANG_WARN_UNGUARDED_AVAILABILITY = YES_AGGRESSIVE;
				CLANG_WARN_UNREACHABLE_CODE = YES;
				CLANG_WARN__DUPLICATE_METHOD_MATCH = YES;
				CODE_SIGN_IDENTITY = "iPhone Developer";
				COPY_PHASE_STRIP = NO;
				DEBUG_INFORMATION_FORMAT = "dwarf-with-dsym";
				ENABLE_NS_ASSERTIONS = NO;
				ENABLE_STRICT_OBJC_MSGSEND = YES;
				GCC_C_LANGUAGE_STANDARD = gnu11;
				GCC_NO_COMMON_BLOCKS = YES;
				GCC_WARN_64_TO_32_BIT_CONVERSION = YES;
				GCC_WARN_ABOUT_RETURN_TYPE = YES_ERROR;
				GCC_WARN_UNDECLARED_SELECTOR = YES;
				GCC_WARN_UNINITIALIZED_AUTOS = YES_AGGRESSIVE;
				GCC_WARN_UNUSED_FUNCTION = YES;
				GCC_WARN_UNUSED_VARIABLE = YES;
				IPHONEOS_DEPLOYMENT_TARGET = 11.0;
				MTL_ENABLE_DEBUG_INFO = NO;
				SDKROOT = iphoneos;
				SWIFT_OPTIMIZATION_LEVEL = "-Owholemodule";
				VALIDATE_PRODUCT = YES;
			};
			name = Release;
		};
		C78FFEEC20DBDA6E00C81EAA /* Debug */ = {
			isa = XCBuildConfiguration;
			baseConfigurationReference = 2313617655DE844A6BC3E539 /* Pods-PhotoBomb.debug.xcconfig */;
			buildSettings = {
				ASSETCATALOG_COMPILER_APPICON_NAME = AppIcon;
				CODE_SIGN_STYLE = Automatic;
				DEVELOPMENT_TEAM = UES3CL6253;
				INFOPLIST_FILE = PhotoBomb/Info.plist;
				LD_RUNPATH_SEARCH_PATHS = "$(inherited) @executable_path/Frameworks";
				PRODUCT_BUNDLE_IDENTIFIER = Sehajbir.PhotoBomb;
				PRODUCT_NAME = "$(TARGET_NAME)";
				SWIFT_VERSION = 4.0;
				TARGETED_DEVICE_FAMILY = "1,2";
			};
			name = Debug;
		};
		C78FFEED20DBDA6E00C81EAA /* Release */ = {
			isa = XCBuildConfiguration;
			baseConfigurationReference = 5DBDC0CB6335E406179B8C61 /* Pods-PhotoBomb.release.xcconfig */;
			buildSettings = {
				ASSETCATALOG_COMPILER_APPICON_NAME = AppIcon;
				CODE_SIGN_STYLE = Automatic;
				DEVELOPMENT_TEAM = UES3CL6253;
				INFOPLIST_FILE = PhotoBomb/Info.plist;
				LD_RUNPATH_SEARCH_PATHS = "$(inherited) @executable_path/Frameworks";
				PRODUCT_BUNDLE_IDENTIFIER = Sehajbir.PhotoBomb;
				PRODUCT_NAME = "$(TARGET_NAME)";
				SWIFT_VERSION = 4.0;
				TARGETED_DEVICE_FAMILY = "1,2";
			};
			name = Release;
		};
/* End XCBuildConfiguration section */

/* Begin XCConfigurationList section */
		C78FFED420DBDA6E00C81EAA /* Build configuration list for PBXProject "PhotoBomb" */ = {
			isa = XCConfigurationList;
			buildConfigurations = (
				C78FFEE920DBDA6E00C81EAA /* Debug */,
				C78FFEEA20DBDA6E00C81EAA /* Release */,
			);
			defaultConfigurationIsVisible = 0;
			defaultConfigurationName = Release;
		};
		C78FFEEB20DBDA6E00C81EAA /* Build configuration list for PBXNativeTarget "PhotoBomb" */ = {
			isa = XCConfigurationList;
			buildConfigurations = (
				C78FFEEC20DBDA6E00C81EAA /* Debug */,
				C78FFEED20DBDA6E00C81EAA /* Release */,
			);
			defaultConfigurationIsVisible = 0;
			defaultConfigurationName = Release;
		};
/* End XCConfigurationList section */
	};
	rootObject = C78FFED120DBDA6E00C81EAA /* Project object */;
}
